
Microsoft Visual Studio Solution File, Format Version 12.00
# Visual Studio Version 16
VisualStudioVersion = 16.0.29509.3
MinimumVisualStudioVersion = 10.0.40219.1
Project("{9A19103F-16F7-4668-BE54-9A1E7A4F7556}") = "YaSheduler", "YaSheduler\YaSheduler.csproj", "{8403CACF-E601-41D8-B695-91BE9115316B}"
EndProject
Global
	GlobalSection(SolutionConfigurationPlatforms) = preSolution
		Debug|Any CPU = Debug|Any CPU
		Release|Any CPU = Release|Any CPU
	EndGlobalSection
	GlobalSection(ProjectConfigurationPlatforms) = postSolution
		{8403CACF-E601-41D8-B695-91BE9115316B}.Debug|Any CPU.ActiveCfg = Debug|Any CPU
		{8403CACF-E601-41D8-B695-91BE9115316B}.Debug|Any CPU.Build.0 = Debug|Any CPU
		{8403CACF-E601-41D8-B695-91BE9115316B}.Release|Any CPU.ActiveCfg = Release|Any CPU
		{8403CACF-E601-41D8-B695-91BE9115316B}.Release|Any CPU.Build.0 = Release|Any CPU
	EndGlobalSection
	GlobalSection(SolutionProperties) = preSolution
		HideSolutionNode = FALSE
	EndGlobalSection
	GlobalSection(ExtensibilityGlobals) = postSolution
		SolutionGuid = {AF2B7085-1C00-4366-8981-409FF12B04D1}
	EndGlobalSection
EndGlobal
